
Microsoft Visual Studio Solution File, Format Version 12.00
# Visual Studio Version 17
VisualStudioVersion = 17.11.35327.3
MinimumVisualStudioVersion = 10.0.40219.1
Project("{FAE04EC0-301F-11D3-BF4B-00C04F79EFBC}") = "Notey", "Notey\Notey.csproj", "{315A8BC6-0617-40A1-8D77-607804F90D2F}"
EndProject
Global
	GlobalSection(SolutionConfigurationPlatforms) = preSolution
		Debug|Any CPU = Debug|Any CPU
		Release|Any CPU = Release|Any CPU
	EndGlobalSection
	GlobalSection(ProjectConfigurationPlatforms) = postSolution
		{315A8BC6-0617-40A1-8D77-607804F90D2F}.Debug|Any CPU.ActiveCfg = Debug|Any CPU
		{315A8BC6-0617-40A1-8D77-607804F90D2F}.Debug|Any CPU.Build.0 = Debug|Any CPU
		{315A8BC6-0617-40A1-8D77-607804F90D2F}.Release|Any CPU.ActiveCfg = Release|Any CPU
		{315A8BC6-0617-40A1-8D77-607804F90D2F}.Release|Any CPU.Build.0 = Release|Any CPU
	EndGlobalSection
	GlobalSection(SolutionProperties) = preSolution
		HideSolutionNode = FALSE
	EndGlobalSection
	GlobalSection(ExtensibilityGlobals) = postSolution
		SolutionGuid = {DF6C5759-0553-4248-9C89-C989BD40C973}
	EndGlobalSection
EndGlobal
